<?xml version="1.0" encoding="utf-8"?>
<Project ToolsVersion="4.0" xmlns="http://schemas.microsoft.com/developer/msbuild/2003">
  <ItemGroup>
    <Filter Include="Header Files">
      <UniqueIdentifier>{001bfad7-6294-490e-97dc-1ec7e213439a}</UniqueIdentifier>
    </Filter>
    <Filter Include="Resource Files">
      <UniqueIdentifier>{85247bd2-0d7a-4f6e-a38e-f44088301a7a}</UniqueIdentifier>
    </Filter>
    <Filter Include="Source Files">
      <UniqueIdentifier>{76fb235a-863b-4496-a8b7-eb689d227870}</UniqueIdentifier>
    </Filter>
  </ItemGroup>
  <ItemGroup>
    <ClInclude Include="resource.h">
      <Filter>Header Files</Filter>
    </ClInclude>
  </ItemGroup>
  <ItemGroup>
    <ResourceCompile Include="wmpplugin1PS.rc">
      <Filter>Resource Files</Filter>
    </ResourceCompile>
  </ItemGroup>
  <ItemGroup>
    <Midl Include="wmpplugin1.idl">
      <Filter>Source Files</Filter>
    </Midl>
  </ItemGroup>
  <ItemGroup>
    <None Include="wmpplugin1PS.def">
      <Filter>Source Files</Filter>
    </None>
  </ItemGroup>
  <ItemGroup>
    <ClCompile Include="wmpplugin1_i.c">
      <Filter>Source Files</Filter>
    </ClCompile>
    <ClCompile Include="wmpplugin1_p.c">
      <Filter>Source Files</Filter>
    </ClCompile>
    <ClCompile Include="dlldata.c">
      <Filter>Source Files</Filter>
    </ClCompile>
  </ItemGroup>
</Project>